
Microsoft Visual Studio Solution File, Format Version 12.00
# Visual Studio Version 17
VisualStudioVersion = 17.8.34212.112
MinimumVisualStudioVersion = 10.0.40219.1
Project("{9A19103F-16F7-4668-BE54-9A1E7A4F7556}") = "QuickClubs.Domain", "src\QuickClubs.Domain\QuickClubs.Domain.csproj", "{67DCB603-D2C9-4A5F-9DC4-E99C95F1ED24}"
EndProject
Project("{9A19103F-16F7-4668-BE54-9A1E7A4F7556}") = "QuickClubs.Infrastructure", "src\QuickClubs.Infrastructure\QuickClubs.Infrastructure.csproj", "{B9CB2601-BE85-4EF8-A1B5-93663A3794F4}"
EndProject
Project("{9A19103F-16F7-4668-BE54-9A1E7A4F7556}") = "QuickClubs.WebApi", "src\QuickClubs.WebApi\QuickClubs.WebApi.csproj", "{19A6CC59-1A47-4ED3-A3D6-3C3EB8904824}"
EndProject
Project("{9A19103F-16F7-4668-BE54-9A1E7A4F7556}") = "QuickClubs.Presentation", "src\QuickClubs.Presentation\QuickClubs.Presentation.csproj", "{5BC07306-5DA3-4867-80CA-8BE444313470}"
EndProject
Project("{9A19103F-16F7-4668-BE54-9A1E7A4F7556}") = "QuickClubs.Application", "src\QuickClubs.Application\QuickClubs.Application.csproj", "{FEF5DA4D-5630-47BB-B7F4-1360D7036085}"
EndProject
Project("{9A19103F-16F7-4668-BE54-9A1E7A4F7556}") = "QuickClubs.Contracts", "src\QuickClubs.Contracts\QuickClubs.Contracts.csproj", "{07744D75-F92D-44CF-BB6A-2A7B07E89D4E}"
EndProject
Project("{E53339B2-1760-4266-BCC7-CA923CBCF16C}") = "docker-compose", "src\docker-compose.dcproj", "{45F2B378-91CC-4785-AB80-7377FCDCD110}"
EndProject
Project("{2150E333-8FDC-42A3-9474-1A3956D46DE8}") = "Tests", "Tests", "{547DA64B-7670-4A1D-BBD7-8034C3587D6F}"
EndProject
Project("{9A19103F-16F7-4668-BE54-9A1E7A4F7556}") = "QuickClubs.ArchitectureTests", "test\architecture\QuickClubs.ArchitectureTests\QuickClubs.ArchitectureTests.csproj", "{5954D616-245F-498D-ABA7-AFC0460898AC}"
EndProject
Project("{9A19103F-16F7-4668-BE54-9A1E7A4F7556}") = "QuickClubs.Domain.UnitTests", "QuickClubs.DomainUnitTests\QuickClubs.Domain.UnitTests.csproj", "{C1EB1D63-A948-49EA-9DE5-E2F4FA80452E}"
EndProject
Project("{9A19103F-16F7-4668-BE54-9A1E7A4F7556}") = "QuickClubs.Application.UnitTests", "test\unit\QuickClubs.Application.UnitTests\QuickClubs.Application.UnitTests.csproj", "{4FEC067D-AC8F-49F2-A7A3-F63F5D9AB0E0}"
EndProject
Project("{9A19103F-16F7-4668-BE54-9A1E7A4F7556}") = "QuickClubs.AdminUI", "src\QuickClubs.AdminUI\QuickClubs.AdminUI\QuickClubs.AdminUI.csproj", "{96E17A70-0245-4254-A6D9-BBA81C9D315B}"
EndProject
Project("{9A19103F-16F7-4668-BE54-9A1E7A4F7556}") = "QuickClubs.AdminUI.Client", "src\QuickClubs.AdminUI\QuickClubs.AdminUI.Client\QuickClubs.AdminUI.Client.csproj", "{DECAD0C2-6A30-48A0-BDFF-EE490572B623}"
EndProject
Global
	GlobalSection(SolutionConfigurationPlatforms) = preSolution
		Debug|Any CPU = Debug|Any CPU
		Release|Any CPU = Release|Any CPU
	EndGlobalSection
	GlobalSection(ProjectConfigurationPlatforms) = postSolution
		{67DCB603-D2C9-4A5F-9DC4-E99C95F1ED24}.Debug|Any CPU.ActiveCfg = Debug|Any CPU
		{67DCB603-D2C9-4A5F-9DC4-E99C95F1ED24}.Debug|Any CPU.Build.0 = Debug|Any CPU
		{67DCB603-D2C9-4A5F-9DC4-E99C95F1ED24}.Release|Any CPU.ActiveCfg = Release|Any CPU
		{67DCB603-D2C9-4A5F-9DC4-E99C95F1ED24}.Release|Any CPU.Build.0 = Release|Any CPU
		{B9CB2601-BE85-4EF8-A1B5-93663A3794F4}.Debug|Any CPU.ActiveCfg = Debug|Any CPU
		{B9CB2601-BE85-4EF8-A1B5-93663A3794F4}.Debug|Any CPU.Build.0 = Debug|Any CPU
		{B9CB2601-BE85-4EF8-A1B5-93663A3794F4}.Release|Any CPU.ActiveCfg = Release|Any CPU
		{B9CB2601-BE85-4EF8-A1B5-93663A3794F4}.Release|Any CPU.Build.0 = Release|Any CPU
		{19A6CC59-1A47-4ED3-A3D6-3C3EB8904824}.Debug|Any CPU.ActiveCfg = Debug|Any CPU
		{19A6CC59-1A47-4ED3-A3D6-3C3EB8904824}.Debug|Any CPU.Build.0 = Debug|Any CPU
		{19A6CC59-1A47-4ED3-A3D6-3C3EB8904824}.Release|Any CPU.ActiveCfg = Release|Any CPU
		{19A6CC59-1A47-4ED3-A3D6-3C3EB8904824}.Release|Any CPU.Build.0 = Release|Any CPU
		{5BC07306-5DA3-4867-80CA-8BE444313470}.Debug|Any CPU.ActiveCfg = Debug|Any CPU
		{5BC07306-5DA3-4867-80CA-8BE444313470}.Debug|Any CPU.Build.0 = Debug|Any CPU
		{5BC07306-5DA3-4867-80CA-8BE444313470}.Release|Any CPU.ActiveCfg = Release|Any CPU
		{5BC07306-5DA3-4867-80CA-8BE444313470}.Release|Any CPU.Build.0 = Release|Any CPU
		{FEF5DA4D-5630-47BB-B7F4-1360D7036085}.Debug|Any CPU.ActiveCfg = Debug|Any CPU
		{FEF5DA4D-5630-47BB-B7F4-1360D7036085}.Debug|Any CPU.Build.0 = Debug|Any CPU
		{FEF5DA4D-5630-47BB-B7F4-1360D7036085}.Release|Any CPU.ActiveCfg = Release|Any CPU
		{FEF5DA4D-5630-47BB-B7F4-1360D7036085}.Release|Any CPU.Build.0 = Release|Any CPU
		{07744D75-F92D-44CF-BB6A-2A7B07E89D4E}.Debug|Any CPU.ActiveCfg = Debug|Any CPU
		{07744D75-F92D-44CF-BB6A-2A7B07E89D4E}.Debug|Any CPU.Build.0 = Debug|Any CPU
		{07744D75-F92D-44CF-BB6A-2A7B07E89D4E}.Release|Any CPU.ActiveCfg = Release|Any CPU
		{07744D75-F92D-44CF-BB6A-2A7B07E89D4E}.Release|Any CPU.Build.0 = Release|Any CPU
		{45F2B378-91CC-4785-AB80-7377FCDCD110}.Debug|Any CPU.ActiveCfg = Debug|Any CPU
		{45F2B378-91CC-4785-AB80-7377FCDCD110}.Debug|Any CPU.Build.0 = Debug|Any CPU
		{45F2B378-91CC-4785-AB80-7377FCDCD110}.Release|Any CPU.ActiveCfg = Release|Any CPU
		{45F2B378-91CC-4785-AB80-7377FCDCD110}.Release|Any CPU.Build.0 = Release|Any CPU
		{5954D616-245F-498D-ABA7-AFC0460898AC}.Debug|Any CPU.ActiveCfg = Debug|Any CPU
		{5954D616-245F-498D-ABA7-AFC0460898AC}.Debug|Any CPU.Build.0 = Debug|Any CPU
		{5954D616-245F-498D-ABA7-AFC0460898AC}.Release|Any CPU.ActiveCfg = Release|Any CPU
		{5954D616-245F-498D-ABA7-AFC0460898AC}.Release|Any CPU.Build.0 = Release|Any CPU
		{C1EB1D63-A948-49EA-9DE5-E2F4FA80452E}.Debug|Any CPU.ActiveCfg = Debug|Any CPU
		{C1EB1D63-A948-49EA-9DE5-E2F4FA80452E}.Debug|Any CPU.Build.0 = Debug|Any CPU
		{C1EB1D63-A948-49EA-9DE5-E2F4FA80452E}.Release|Any CPU.ActiveCfg = Release|Any CPU
		{C1EB1D63-A948-49EA-9DE5-E2F4FA80452E}.Release|Any CPU.Build.0 = Release|Any CPU
		{4FEC067D-AC8F-49F2-A7A3-F63F5D9AB0E0}.Debug|Any CPU.ActiveCfg = Debug|Any CPU
		{4FEC067D-AC8F-49F2-A7A3-F63F5D9AB0E0}.Debug|Any CPU.Build.0 = Debug|Any CPU
		{4FEC067D-AC8F-49F2-A7A3-F63F5D9AB0E0}.Release|Any CPU.ActiveCfg = Release|Any CPU
		{4FEC067D-AC8F-49F2-A7A3-F63F5D9AB0E0}.Release|Any CPU.Build.0 = Release|Any CPU
		{96E17A70-0245-4254-A6D9-BBA81C9D315B}.Debug|Any CPU.ActiveCfg = Debug|Any CPU
		{96E17A70-0245-4254-A6D9-BBA81C9D315B}.Debug|Any CPU.Build.0 = Debug|Any CPU
		{96E17A70-0245-4254-A6D9-BBA81C9D315B}.Release|Any CPU.ActiveCfg = Release|Any CPU
		{96E17A70-0245-4254-A6D9-BBA81C9D315B}.Release|Any CPU.Build.0 = Release|Any CPU
		{DECAD0C2-6A30-48A0-BDFF-EE490572B623}.Debug|Any CPU.ActiveCfg = Debug|Any CPU
		{DECAD0C2-6A30-48A0-BDFF-EE490572B623}.Debug|Any CPU.Build.0 = Debug|Any CPU
		{DECAD0C2-6A30-48A0-BDFF-EE490572B623}.Release|Any CPU.ActiveCfg = Release|Any CPU
		{DECAD0C2-6A30-48A0-BDFF-EE490572B623}.Release|Any CPU.Build.0 = Release|Any CPU
	EndGlobalSection
	GlobalSection(SolutionProperties) = preSolution
		HideSolutionNode = FALSE
	EndGlobalSection
	GlobalSection(NestedProjects) = preSolution
		{5954D616-245F-498D-ABA7-AFC0460898AC} = {547DA64B-7670-4A1D-BBD7-8034C3587D6F}
		{C1EB1D63-A948-49EA-9DE5-E2F4FA80452E} = {547DA64B-7670-4A1D-BBD7-8034C3587D6F}
		{4FEC067D-AC8F-49F2-A7A3-F63F5D9AB0E0} = {547DA64B-7670-4A1D-BBD7-8034C3587D6F}
	EndGlobalSection
	GlobalSection(ExtensibilityGlobals) = postSolution
		SolutionGuid = {6B4A47D5-3950-456B-B2E0-C332232B3D66}
	EndGlobalSection
EndGlobal
