
Microsoft Visual Studio Solution File, Format Version 12.00
# Visual Studio Version 17
VisualStudioVersion = 17.8.34212.112
MinimumVisualStudioVersion = 10.0.40219.1
Project("{9A19103F-16F7-4668-BE54-9A1E7A4F7556}") = "QuickClubs.Domain", "QuickClubs.Domain\QuickClubs.Domain.csproj", "{67DCB603-D2C9-4A5F-9DC4-E99C95F1ED24}"
EndProject
Project("{FAE04EC0-301F-11D3-BF4B-00C04F79EFBC}") = "QuickClubs.Infrastructure", "QuickClubs.Infrastructure\QuickClubs.Infrastructure.csproj", "{B9CB2601-BE85-4EF8-A1B5-93663A3794F4}"
EndProject
Project("{FAE04EC0-301F-11D3-BF4B-00C04F79EFBC}") = "QuickClubs.WebApi", "QuickClubs.WebApi\QuickClubs.WebApi.csproj", "{19A6CC59-1A47-4ED3-A3D6-3C3EB8904824}"
EndProject
Project("{FAE04EC0-301F-11D3-BF4B-00C04F79EFBC}") = "QuickClubs.Presentation", "QuickClubs.Presentation\QuickClubs.Presentation.csproj", "{5BC07306-5DA3-4867-80CA-8BE444313470}"
EndProject
Project("{FAE04EC0-301F-11D3-BF4B-00C04F79EFBC}") = "QuickClubs.Application", "QuickClubs.Application\QuickClubs.Application.csproj", "{FEF5DA4D-5630-47BB-B7F4-1360D7036085}"
EndProject
Project("{FAE04EC0-301F-11D3-BF4B-00C04F79EFBC}") = "QuickClubs.Contracts", "QuickClubs.Contracts\QuickClubs.Contracts.csproj", "{07744D75-F92D-44CF-BB6A-2A7B07E89D4E}"
EndProject
Global
	GlobalSection(SolutionConfigurationPlatforms) = preSolution
		Debug|Any CPU = Debug|Any CPU
		Release|Any CPU = Release|Any CPU
	EndGlobalSection
	GlobalSection(ProjectConfigurationPlatforms) = postSolution
		{67DCB603-D2C9-4A5F-9DC4-E99C95F1ED24}.Debug|Any CPU.ActiveCfg = Debug|Any CPU
		{67DCB603-D2C9-4A5F-9DC4-E99C95F1ED24}.Debug|Any CPU.Build.0 = Debug|Any CPU
		{67DCB603-D2C9-4A5F-9DC4-E99C95F1ED24}.Release|Any CPU.ActiveCfg = Release|Any CPU
		{67DCB603-D2C9-4A5F-9DC4-E99C95F1ED24}.Release|Any CPU.Build.0 = Release|Any CPU
		{B9CB2601-BE85-4EF8-A1B5-93663A3794F4}.Debug|Any CPU.ActiveCfg = Debug|Any CPU
		{B9CB2601-BE85-4EF8-A1B5-93663A3794F4}.Debug|Any CPU.Build.0 = Debug|Any CPU
		{B9CB2601-BE85-4EF8-A1B5-93663A3794F4}.Release|Any CPU.ActiveCfg = Release|Any CPU
		{B9CB2601-BE85-4EF8-A1B5-93663A3794F4}.Release|Any CPU.Build.0 = Release|Any CPU
		{19A6CC59-1A47-4ED3-A3D6-3C3EB8904824}.Debug|Any CPU.ActiveCfg = Debug|Any CPU
		{19A6CC59-1A47-4ED3-A3D6-3C3EB8904824}.Debug|Any CPU.Build.0 = Debug|Any CPU
		{19A6CC59-1A47-4ED3-A3D6-3C3EB8904824}.Release|Any CPU.ActiveCfg = Release|Any CPU
		{19A6CC59-1A47-4ED3-A3D6-3C3EB8904824}.Release|Any CPU.Build.0 = Release|Any CPU
		{5BC07306-5DA3-4867-80CA-8BE444313470}.Debug|Any CPU.ActiveCfg = Debug|Any CPU
		{5BC07306-5DA3-4867-80CA-8BE444313470}.Debug|Any CPU.Build.0 = Debug|Any CPU
		{5BC07306-5DA3-4867-80CA-8BE444313470}.Release|Any CPU.ActiveCfg = Release|Any CPU
		{5BC07306-5DA3-4867-80CA-8BE444313470}.Release|Any CPU.Build.0 = Release|Any CPU
		{FEF5DA4D-5630-47BB-B7F4-1360D7036085}.Debug|Any CPU.ActiveCfg = Debug|Any CPU
		{FEF5DA4D-5630-47BB-B7F4-1360D7036085}.Debug|Any CPU.Build.0 = Debug|Any CPU
		{FEF5DA4D-5630-47BB-B7F4-1360D7036085}.Release|Any CPU.ActiveCfg = Release|Any CPU
		{FEF5DA4D-5630-47BB-B7F4-1360D7036085}.Release|Any CPU.Build.0 = Release|Any CPU
		{07744D75-F92D-44CF-BB6A-2A7B07E89D4E}.Debug|Any CPU.ActiveCfg = Debug|Any CPU
		{07744D75-F92D-44CF-BB6A-2A7B07E89D4E}.Debug|Any CPU.Build.0 = Debug|Any CPU
		{07744D75-F92D-44CF-BB6A-2A7B07E89D4E}.Release|Any CPU.ActiveCfg = Release|Any CPU
		{07744D75-F92D-44CF-BB6A-2A7B07E89D4E}.Release|Any CPU.Build.0 = Release|Any CPU
	EndGlobalSection
	GlobalSection(SolutionProperties) = preSolution
		HideSolutionNode = FALSE
	EndGlobalSection
	GlobalSection(ExtensibilityGlobals) = postSolution
		SolutionGuid = {6B4A47D5-3950-456B-B2E0-C332232B3D66}
	EndGlobalSection
EndGlobal
