
Microsoft Visual Studio Solution File, Format Version 12.00
# Visual Studio Version 17
VisualStudioVersion = 17.8.34212.112
MinimumVisualStudioVersion = 10.0.40219.1
Project("{9A19103F-16F7-4668-BE54-9A1E7A4F7556}") = "QuickClubs.Domain", "QuickClubs.Domain\QuickClubs.Domain.csproj", "{67DCB603-D2C9-4A5F-9DC4-E99C95F1ED24}"
EndProject
Project("{FAE04EC0-301F-11D3-BF4B-00C04F79EFBC}") = "QuickClubs.Infrastructure", "QuickClubs.Infrastructure\QuickClubs.Infrastructure.csproj", "{B9CB2601-BE85-4EF8-A1B5-93663A3794F4}"
EndProject
Global
	GlobalSection(SolutionConfigurationPlatforms) = preSolution
		Debug|Any CPU = Debug|Any CPU
		Release|Any CPU = Release|Any CPU
	EndGlobalSection
	GlobalSection(ProjectConfigurationPlatforms) = postSolution
		{67DCB603-D2C9-4A5F-9DC4-E99C95F1ED24}.Debug|Any CPU.ActiveCfg = Debug|Any CPU
		{67DCB603-D2C9-4A5F-9DC4-E99C95F1ED24}.Debug|Any CPU.Build.0 = Debug|Any CPU
		{67DCB603-D2C9-4A5F-9DC4-E99C95F1ED24}.Release|Any CPU.ActiveCfg = Release|Any CPU
		{67DCB603-D2C9-4A5F-9DC4-E99C95F1ED24}.Release|Any CPU.Build.0 = Release|Any CPU
		{B9CB2601-BE85-4EF8-A1B5-93663A3794F4}.Debug|Any CPU.ActiveCfg = Debug|Any CPU
		{B9CB2601-BE85-4EF8-A1B5-93663A3794F4}.Debug|Any CPU.Build.0 = Debug|Any CPU
		{B9CB2601-BE85-4EF8-A1B5-93663A3794F4}.Release|Any CPU.ActiveCfg = Release|Any CPU
		{B9CB2601-BE85-4EF8-A1B5-93663A3794F4}.Release|Any CPU.Build.0 = Release|Any CPU
	EndGlobalSection
	GlobalSection(SolutionProperties) = preSolution
		HideSolutionNode = FALSE
	EndGlobalSection
	GlobalSection(ExtensibilityGlobals) = postSolution
		SolutionGuid = {6B4A47D5-3950-456B-B2E0-C332232B3D66}
	EndGlobalSection
EndGlobal
